{
    "name": "sample_editor",
    "version": "1.0.0",
    "lockfileVersion": 2,
    "requires": true,
    "packages": {
        "": {
            "version": "1.0.0",
            "license": "ISC",
            "dependencies": {
                "@pdftron/webviewer": "^7.3.3",
                "encoding-japanese": "^1.0.30"
            }
        },
        "node_modules/@pdftron/webviewer": {
            "version": "7.3.3",
            "resolved": "https://registry.npmjs.org/@pdftron/webviewer/-/webviewer-7.3.3.tgz",
            "integrity": "sha512-cTJf9pXlN9tilliO8NgKw6vn1PPXSHKLOrUS7j4f+0sz2BJDVwO2rlI4BJBQ5BT2qIru1dg2GxYUyeXOqNyi9Q=="
        },
        "node_modules/encoding-japanese": {
            "version": "1.0.30",
            "resolved": "https://registry.npmjs.org/encoding-japanese/-/encoding-japanese-1.0.30.tgz",
            "integrity": "sha512-bd/DFLAoJetvv7ar/KIpE3CNO8wEuyrt9Xuw6nSMiZ+Vrz/Q21BPsMHvARL2Wz6IKHKXgb+DWZqtRg1vql9cBg=="
        }
    },
    "dependencies": {
        "@pdftron/webviewer": {
            "version": "7.3.3",
            "resolved": "https://registry.npmjs.org/@pdftron/webviewer/-/webviewer-7.3.3.tgz",
            "integrity": "sha512-cTJf9pXlN9tilliO8NgKw6vn1PPXSHKLOrUS7j4f+0sz2BJDVwO2rlI4BJBQ5BT2qIru1dg2GxYUyeXOqNyi9Q=="
        },
        "encoding-japanese": {
            "version": "1.0.30",
            "resolved": "https://registry.npmjs.org/encoding-japanese/-/encoding-japanese-1.0.30.tgz",
            "integrity": "sha512-bd/DFLAoJetvv7ar/KIpE3CNO8wEuyrt9Xuw6nSMiZ+Vrz/Q21BPsMHvARL2Wz6IKHKXgb+DWZqtRg1vql9cBg=="
        }
    }
}
