{
  "name": "sample_editor",
  "version": "1.0.0",
  "lockfileVersion": 2,
  "requires": true,
  "packages": {
    "": {
      "version": "1.0.0",
      "license": "ISC",
      "dependencies": {
        "@pdftron/webviewer": "^7.3.3",
        "electron-pdf-viewer": "^1.0.1"
      }
    },
    "node_modules/@pdftron/webviewer": {
      "version": "7.3.3",
      "resolved": "https://registry.npmjs.org/@pdftron/webviewer/-/webviewer-7.3.3.tgz",
      "integrity": "sha512-cTJf9pXlN9tilliO8NgKw6vn1PPXSHKLOrUS7j4f+0sz2BJDVwO2rlI4BJBQ5BT2qIru1dg2GxYUyeXOqNyi9Q=="
    },
    "node_modules/electron-pdf-viewer": {
      "version": "1.0.1",
      "resolved": "https://registry.npmjs.org/electron-pdf-viewer/-/electron-pdf-viewer-1.0.1.tgz",
      "integrity": "sha512-KKtJeHFRIEpxw1/iEOhG7JPOjbz32lW6ntfFFERcBsbup4ljd00EoTCrt8pCvXTljH6Uv2o8NwYltGKQZ5zGwQ=="
    }
  },
  "dependencies": {
    "@pdftron/webviewer": {
      "version": "7.3.3",
      "resolved": "https://registry.npmjs.org/@pdftron/webviewer/-/webviewer-7.3.3.tgz",
      "integrity": "sha512-cTJf9pXlN9tilliO8NgKw6vn1PPXSHKLOrUS7j4f+0sz2BJDVwO2rlI4BJBQ5BT2qIru1dg2GxYUyeXOqNyi9Q=="
    },
    "electron-pdf-viewer": {
      "version": "1.0.1",
      "resolved": "https://registry.npmjs.org/electron-pdf-viewer/-/electron-pdf-viewer-1.0.1.tgz",
      "integrity": "sha512-KKtJeHFRIEpxw1/iEOhG7JPOjbz32lW6ntfFFERcBsbup4ljd00EoTCrt8pCvXTljH6Uv2o8NwYltGKQZ5zGwQ=="
    }
  }
}
